
Microsoft Visual Studio Solution File, Format Version 12.00
# Visual Studio Version 17
VisualStudioVersion = 17.2.32602.215
MinimumVisualStudioVersion = 10.0.40219.1
Project("{FAE04EC0-301F-11D3-BF4B-00C04F79EFBC}") = "QuestProModule", "Interface\QuestProModule.csproj", "{0322B2EF-7452-479D-BAE2-FCAB75033337}"
EndProject
Project("{FAE04EC0-301F-11D3-BF4B-00C04F79EFBC}") = "libalxr-sharp", "libalxr-sharp\libalxr-sharp.csproj", "{959148AA-FC51-44EE-89B2-E25C06ADB597}"
EndProject
Global
	GlobalSection(SolutionConfigurationPlatforms) = preSolution
		Debug|x64 = Debug|x64
		Release|x64 = Release|x64
	EndGlobalSection
	GlobalSection(ProjectConfigurationPlatforms) = postSolution
		{0322B2EF-7452-479D-BAE2-FCAB75033337}.Debug|x64.ActiveCfg = Debug|x64
		{0322B2EF-7452-479D-BAE2-FCAB75033337}.Debug|x64.Build.0 = Debug|x64
		{0322B2EF-7452-479D-BAE2-FCAB75033337}.Release|x64.ActiveCfg = Release|x64
		{0322B2EF-7452-479D-BAE2-FCAB75033337}.Release|x64.Build.0 = Release|x64
		{959148AA-FC51-44EE-89B2-E25C06ADB597}.Debug|x64.ActiveCfg = Debug|x64
		{959148AA-FC51-44EE-89B2-E25C06ADB597}.Debug|x64.Build.0 = Debug|x64
		{959148AA-FC51-44EE-89B2-E25C06ADB597}.Release|x64.ActiveCfg = Release|x64
		{959148AA-FC51-44EE-89B2-E25C06ADB597}.Release|x64.Build.0 = Release|x64
	EndGlobalSection
	GlobalSection(SolutionProperties) = preSolution
		HideSolutionNode = FALSE
	EndGlobalSection
	GlobalSection(ExtensibilityGlobals) = postSolution
		SolutionGuid = {0322B2EF-7452-479D-BAE2-FCAB75033337}
	EndGlobalSection
EndGlobal
